
Microsoft Visual Studio Solution File, Format Version 12.00
# Visual Studio Version 16
VisualStudioVersion = 16.0.33328.57
MinimumVisualStudioVersion = 10.0.40219.1
Project("{FAE04EC0-301F-11D3-BF4B-00C04F79EFBC}") = "Detectron", "Detectron.csproj", "{52E32FD9-698F-4D56-A13F-1502A91D45AE}"
EndProject
Global
	GlobalSection(SolutionConfigurationPlatforms) = preSolution
		Debug|Any CPU = Debug|Any CPU
		Release|Any CPU = Release|Any CPU
	EndGlobalSection
	GlobalSection(ProjectConfigurationPlatforms) = postSolution
		{52E32FD9-698F-4D56-A13F-1502A91D45AE}.Debug|Any CPU.ActiveCfg = Debug|Any CPU
		{52E32FD9-698F-4D56-A13F-1502A91D45AE}.Debug|Any CPU.Build.0 = Debug|Any CPU
		{52E32FD9-698F-4D56-A13F-1502A91D45AE}.Release|Any CPU.ActiveCfg = Release|Any CPU
		{52E32FD9-698F-4D56-A13F-1502A91D45AE}.Release|Any CPU.Build.0 = Release|Any CPU
	EndGlobalSection
	GlobalSection(SolutionProperties) = preSolution
		HideSolutionNode = FALSE
	EndGlobalSection
	GlobalSection(ExtensibilityGlobals) = postSolution
		SolutionGuid = {BD93F1CD-7FC0-48B3-BE92-7A4F3FA52791}
	EndGlobalSection
EndGlobal
